
Microsoft Visual Studio Solution File, Format Version 12.00
# Visual Studio Version 16
VisualStudioVersion = 16.0.31410.357
MinimumVisualStudioVersion = 10.0.40219.1
Project("{FAE04EC0-301F-11D3-BF4B-00C04F79EFBC}") = "SmartInvestment", "SmartInvestment.csproj", "{8AE77913-C6B2-4FF8-9D48-FA77EA9BC8C7}"
EndProject
Global
	GlobalSection(SolutionConfigurationPlatforms) = preSolution
		Debug|Any CPU = Debug|Any CPU
		Release|Any CPU = Release|Any CPU
	EndGlobalSection
	GlobalSection(ProjectConfigurationPlatforms) = postSolution
		{8AE77913-C6B2-4FF8-9D48-FA77EA9BC8C7}.Debug|Any CPU.ActiveCfg = Debug|Any CPU
		{8AE77913-C6B2-4FF8-9D48-FA77EA9BC8C7}.Debug|Any CPU.Build.0 = Debug|Any CPU
		{8AE77913-C6B2-4FF8-9D48-FA77EA9BC8C7}.Release|Any CPU.ActiveCfg = Release|Any CPU
		{8AE77913-C6B2-4FF8-9D48-FA77EA9BC8C7}.Release|Any CPU.Build.0 = Release|Any CPU
	EndGlobalSection
	GlobalSection(SolutionProperties) = preSolution
		HideSolutionNode = FALSE
	EndGlobalSection
	GlobalSection(ExtensibilityGlobals) = postSolution
		SolutionGuid = {ACB9D47B-EF7E-48B2-8894-C6C9C196C8A3}
	EndGlobalSection
EndGlobal
